
Microsoft Visual Studio Solution File, Format Version 12.00
# Visual Studio Version 16
VisualStudioVersion = 16.0.29519.87
MinimumVisualStudioVersion = 15.0.26124.0
Project("{9A19103F-16F7-4668-BE54-9A1E7A4F7556}") = "sse-eventsource", "sse-eventsource.csproj", "{3C074524-B934-4800-8DE4-08F3B398AD8E}"
EndProject
Global
	GlobalSection(SolutionConfigurationPlatforms) = preSolution
		Debug|Any CPU = Debug|Any CPU
		Debug|x64 = Debug|x64
		Debug|x86 = Debug|x86
		Release|Any CPU = Release|Any CPU
		Release|x64 = Release|x64
		Release|x86 = Release|x86
	EndGlobalSection
	GlobalSection(ProjectConfigurationPlatforms) = postSolution
		{3C074524-B934-4800-8DE4-08F3B398AD8E}.Debug|Any CPU.ActiveCfg = Debug|Any CPU
		{3C074524-B934-4800-8DE4-08F3B398AD8E}.Debug|Any CPU.Build.0 = Debug|Any CPU
		{3C074524-B934-4800-8DE4-08F3B398AD8E}.Debug|x64.ActiveCfg = Debug|Any CPU
		{3C074524-B934-4800-8DE4-08F3B398AD8E}.Debug|x64.Build.0 = Debug|Any CPU
		{3C074524-B934-4800-8DE4-08F3B398AD8E}.Debug|x86.ActiveCfg = Debug|Any CPU
		{3C074524-B934-4800-8DE4-08F3B398AD8E}.Debug|x86.Build.0 = Debug|Any CPU
		{3C074524-B934-4800-8DE4-08F3B398AD8E}.Release|Any CPU.ActiveCfg = Release|Any CPU
		{3C074524-B934-4800-8DE4-08F3B398AD8E}.Release|Any CPU.Build.0 = Release|Any CPU
		{3C074524-B934-4800-8DE4-08F3B398AD8E}.Release|x64.ActiveCfg = Release|Any CPU
		{3C074524-B934-4800-8DE4-08F3B398AD8E}.Release|x64.Build.0 = Release|Any CPU
		{3C074524-B934-4800-8DE4-08F3B398AD8E}.Release|x86.ActiveCfg = Release|Any CPU
		{3C074524-B934-4800-8DE4-08F3B398AD8E}.Release|x86.Build.0 = Release|Any CPU
	EndGlobalSection
	GlobalSection(SolutionProperties) = preSolution
		HideSolutionNode = FALSE
	EndGlobalSection
	GlobalSection(ExtensibilityGlobals) = postSolution
		SolutionGuid = {8D4BE876-B581-4707-946D-C93B9A35C096}
	EndGlobalSection
EndGlobal
